
Microsoft Visual Studio Solution File, Format Version 12.00
# Visual Studio Version 16
VisualStudioVersion = 16.0.30114.105
MinimumVisualStudioVersion = 10.0.40219.1
Project("{FAE04EC0-301F-11D3-BF4B-00C04F79EFBC}") = "API", "API\API.csproj", "{D5EEC970-1F32-42CD-B17E-365F3B60D6B0}"
EndProject
Project("{FAE04EC0-301F-11D3-BF4B-00C04F79EFBC}") = "Core", "Core\Core.csproj", "{FD4E77A1-AD76-42CF-98F7-41D516DA8FC5}"
EndProject
Project("{FAE04EC0-301F-11D3-BF4B-00C04F79EFBC}") = "Infrastructure", "Infrastructure\Infrastructure.csproj", "{2B2FA00E-5F9C-4B9B-B3D0-D35B60A76974}"
EndProject
Global
	GlobalSection(SolutionConfigurationPlatforms) = preSolution
		Debug|Any CPU = Debug|Any CPU
		Debug|x64 = Debug|x64
		Debug|x86 = Debug|x86
		Release|Any CPU = Release|Any CPU
		Release|x64 = Release|x64
		Release|x86 = Release|x86
	EndGlobalSection
	GlobalSection(SolutionProperties) = preSolution
		HideSolutionNode = FALSE
	EndGlobalSection
	GlobalSection(ProjectConfigurationPlatforms) = postSolution
		{D5EEC970-1F32-42CD-B17E-365F3B60D6B0}.Debug|Any CPU.ActiveCfg = Debug|Any CPU
		{D5EEC970-1F32-42CD-B17E-365F3B60D6B0}.Debug|Any CPU.Build.0 = Debug|Any CPU
		{D5EEC970-1F32-42CD-B17E-365F3B60D6B0}.Debug|x64.ActiveCfg = Debug|Any CPU
		{D5EEC970-1F32-42CD-B17E-365F3B60D6B0}.Debug|x64.Build.0 = Debug|Any CPU
		{D5EEC970-1F32-42CD-B17E-365F3B60D6B0}.Debug|x86.ActiveCfg = Debug|Any CPU
		{D5EEC970-1F32-42CD-B17E-365F3B60D6B0}.Debug|x86.Build.0 = Debug|Any CPU
		{D5EEC970-1F32-42CD-B17E-365F3B60D6B0}.Release|Any CPU.ActiveCfg = Release|Any CPU
		{D5EEC970-1F32-42CD-B17E-365F3B60D6B0}.Release|Any CPU.Build.0 = Release|Any CPU
		{D5EEC970-1F32-42CD-B17E-365F3B60D6B0}.Release|x64.ActiveCfg = Release|Any CPU
		{D5EEC970-1F32-42CD-B17E-365F3B60D6B0}.Release|x64.Build.0 = Release|Any CPU
		{D5EEC970-1F32-42CD-B17E-365F3B60D6B0}.Release|x86.ActiveCfg = Release|Any CPU
		{D5EEC970-1F32-42CD-B17E-365F3B60D6B0}.Release|x86.Build.0 = Release|Any CPU
		{FD4E77A1-AD76-42CF-98F7-41D516DA8FC5}.Debug|Any CPU.ActiveCfg = Debug|Any CPU
		{FD4E77A1-AD76-42CF-98F7-41D516DA8FC5}.Debug|Any CPU.Build.0 = Debug|Any CPU
		{FD4E77A1-AD76-42CF-98F7-41D516DA8FC5}.Debug|x64.ActiveCfg = Debug|Any CPU
		{FD4E77A1-AD76-42CF-98F7-41D516DA8FC5}.Debug|x64.Build.0 = Debug|Any CPU
		{FD4E77A1-AD76-42CF-98F7-41D516DA8FC5}.Debug|x86.ActiveCfg = Debug|Any CPU
		{FD4E77A1-AD76-42CF-98F7-41D516DA8FC5}.Debug|x86.Build.0 = Debug|Any CPU
		{FD4E77A1-AD76-42CF-98F7-41D516DA8FC5}.Release|Any CPU.ActiveCfg = Release|Any CPU
		{FD4E77A1-AD76-42CF-98F7-41D516DA8FC5}.Release|Any CPU.Build.0 = Release|Any CPU
		{FD4E77A1-AD76-42CF-98F7-41D516DA8FC5}.Release|x64.ActiveCfg = Release|Any CPU
		{FD4E77A1-AD76-42CF-98F7-41D516DA8FC5}.Release|x64.Build.0 = Release|Any CPU
		{FD4E77A1-AD76-42CF-98F7-41D516DA8FC5}.Release|x86.ActiveCfg = Release|Any CPU
		{FD4E77A1-AD76-42CF-98F7-41D516DA8FC5}.Release|x86.Build.0 = Release|Any CPU
		{2B2FA00E-5F9C-4B9B-B3D0-D35B60A76974}.Debug|Any CPU.ActiveCfg = Debug|Any CPU
		{2B2FA00E-5F9C-4B9B-B3D0-D35B60A76974}.Debug|Any CPU.Build.0 = Debug|Any CPU
		{2B2FA00E-5F9C-4B9B-B3D0-D35B60A76974}.Debug|x64.ActiveCfg = Debug|Any CPU
		{2B2FA00E-5F9C-4B9B-B3D0-D35B60A76974}.Debug|x64.Build.0 = Debug|Any CPU
		{2B2FA00E-5F9C-4B9B-B3D0-D35B60A76974}.Debug|x86.ActiveCfg = Debug|Any CPU
		{2B2FA00E-5F9C-4B9B-B3D0-D35B60A76974}.Debug|x86.Build.0 = Debug|Any CPU
		{2B2FA00E-5F9C-4B9B-B3D0-D35B60A76974}.Release|Any CPU.ActiveCfg = Release|Any CPU
		{2B2FA00E-5F9C-4B9B-B3D0-D35B60A76974}.Release|Any CPU.Build.0 = Release|Any CPU
		{2B2FA00E-5F9C-4B9B-B3D0-D35B60A76974}.Release|x64.ActiveCfg = Release|Any CPU
		{2B2FA00E-5F9C-4B9B-B3D0-D35B60A76974}.Release|x64.Build.0 = Release|Any CPU
		{2B2FA00E-5F9C-4B9B-B3D0-D35B60A76974}.Release|x86.ActiveCfg = Release|Any CPU
		{2B2FA00E-5F9C-4B9B-B3D0-D35B60A76974}.Release|x86.Build.0 = Release|Any CPU
	EndGlobalSection
EndGlobal
